// !$*UTF8*$!
{
	archiveVersion = 1;
	classes = {
	};
	objectVersion = 56;
	objects = {

/* Begin PBXBuildFile section */
		6D77A8212D0FCA2E009C47A9 /* AudioKit in Frameworks */ = {isa = PBXBuildFile; productRef = 6D77A8202D0FCA2E009C47A9 /* AudioKit */; };
		6D77A8242D0FCC68009C47A9 /* AudioKitUI in Frameworks */ = {isa = PBXBuildFile; productRef = 6D77A8232D0FCC68009C47A9 /* AudioKitUI */; };
		6D77A8262D0FD425009C47A9 /* TranslationService.swift in Sources */ = {isa = PBXBuildFile; fileRef = 6D77A8252D0FD425009C47A9 /* TranslationService.swift */; };
		6D77A8282D0FD451009C47A9 /* AudioEngineMicrophone.swift in Sources */ = {isa = PBXBuildFile; fileRef = 6D77A8272D0FD451009C47A9 /* AudioEngineMicrophone.swift */; };
		6D7E662B2D0E604A00765A78 /* WhisperJournal10_1App.swift in Sources */ = {isa = PBXBuildFile; fileRef = 6D7E662A2D0E604A00765A78 /* WhisperJournal10_1App.swift */; };
		6D7E662D2D0E604A00765A78 /* ContentView.swift in Sources */ = {isa = PBXBuildFile; fileRef = 6D7E662C2D0E604A00765A78 /* ContentView.swift */; };
		6D7E662F2D0E604D00765A78 /* Assets.xcassets in Resources */ = {isa = PBXBuildFile; fileRef = 6D7E662E2D0E604D00765A78 /* Assets.xcassets */; };
		6D7E66322D0E604D00765A78 /* Preview Assets.xcassets in Resources */ = {isa = PBXBuildFile; fileRef = 6D7E66312D0E604D00765A78 /* Preview Assets.xcassets */; };
		6D7E66342D0E604D00765A78 /* Persistence.swift in Sources */ = {isa = PBXBuildFile; fileRef = 6D7E66332D0E604D00765A78 /* Persistence.swift */; };
		6D7E66372D0E604D00765A78 /* WhisperJournal10_1.xcdatamodeld in Sources */ = {isa = PBXBuildFile; fileRef = 6D7E66352D0E604D00765A78 /* WhisperJournal10_1.xcdatamodeld */; };
		6D7E66452D0E628900765A78 /* AudioSessionManager.swift in Sources */ = {isa = PBXBuildFile; fileRef = 6D7E66442D0E628900765A78 /* AudioSessionManager.swift */; };
		6D7E66472D0E62EE00765A78 /* WhisperService.swift in Sources */ = {isa = PBXBuildFile; fileRef = 6D7E66462D0E62EE00765A78 /* WhisperService.swift */; };
		6D7E664B2D0E65CF00765A78 /* MainView.swif.swift in Sources */ = {isa = PBXBuildFile; fileRef = 6D7E664A2D0E65CF00765A78 /* MainView.swif.swift */; };
		6D7E664D2D0E6B6900765A78 /* AudioRecorder.swift in Sources */ = {isa = PBXBuildFile; fileRef = 6D7E664C2D0E6B6900765A78 /* AudioRecorder.swift */; };
		6D7E664F2D0E705E00765A78 /* RecordingView.swif.swift in Sources */ = {isa = PBXBuildFile; fileRef = 6D7E664E2D0E705E00765A78 /* RecordingView.swif.swift */; };
		6D7E66512D0E708100765A78 /* RecordingViewModel.swift in Sources */ = {isa = PBXBuildFile; fileRef = 6D7E66502D0E708100765A78 /* RecordingViewModel.swift */; };
		6DEC4B312D0F68A90081C649 /* TranscriptionListView.swift in Sources */ = {isa = PBXBuildFile; fileRef = 6DEC4B302D0F68A90081C649 /* TranscriptionListView.swift */; };
		6DEC4B332D0F6AD70081C649 /* TranscriptDetailView.swift in Sources */ = {isa = PBXBuildFile; fileRef = 6DEC4B322D0F6AD70081C649 /* TranscriptDetailView.swift */; };
/* End PBXBuildFile section */

/* Begin PBXFileReference section */
		6D77A8252D0FD425009C47A9 /* TranslationService.swift */ = {isa = PBXFileReference; lastKnownFileType = sourcecode.swift; path = TranslationService.swift; sourceTree = "<group>"; };
		6D77A8272D0FD451009C47A9 /* AudioEngineMicrophone.swift */ = {isa = PBXFileReference; lastKnownFileType = sourcecode.swift; path = AudioEngineMicrophone.swift; sourceTree = "<group>"; };
		6D7E66272D0E604A00765A78 /* WhisperJournal10.1.app */ = {isa = PBXFileReference; explicitFileType = wrapper.application; includeInIndex = 0; path = WhisperJournal10.1.app; sourceTree = BUILT_PRODUCTS_DIR; };
		6D7E662A2D0E604A00765A78 /* WhisperJournal10_1App.swift */ = {isa = PBXFileReference; lastKnownFileType = sourcecode.swift; path = WhisperJournal10_1App.swift; sourceTree = "<group>"; };
		6D7E662C2D0E604A00765A78 /* ContentView.swift */ = {isa = PBXFileReference; lastKnownFileType = sourcecode.swift; path = ContentView.swift; sourceTree = "<group>"; };
		6D7E662E2D0E604D00765A78 /* Assets.xcassets */ = {isa = PBXFileReference; lastKnownFileType = folder.assetcatalog; path = Assets.xcassets; sourceTree = "<group>"; };
		6D7E66312D0E604D00765A78 /* Preview Assets.xcassets */ = {isa = PBXFileReference; lastKnownFileType = folder.assetcatalog; path = "Preview Assets.xcassets"; sourceTree = "<group>"; };
		6D7E66332D0E604D00765A78 /* Persistence.swift */ = {isa = PBXFileReference; lastKnownFileType = sourcecode.swift; path = Persistence.swift; sourceTree = "<group>"; };
		6D7E66362D0E604D00765A78 /* WhisperJournal10_1.xcdatamodel */ = {isa = PBXFileReference; lastKnownFileType = wrapper.xcdatamodel; path = WhisperJournal10_1.xcdatamodel; sourceTree = "<group>"; };
		6D7E66442D0E628900765A78 /* AudioSessionManager.swift */ = {isa = PBXFileReference; lastKnownFileType = sourcecode.swift; path = AudioSessionManager.swift; sourceTree = "<group>"; };
		6D7E66462D0E62EE00765A78 /* WhisperService.swift */ = {isa = PBXFileReference; lastKnownFileType = sourcecode.swift; path = WhisperService.swift; sourceTree = "<group>"; };
		6D7E664A2D0E65CF00765A78 /* MainView.swif.swift */ = {isa = PBXFileReference; lastKnownFileType = sourcecode.swift; path = MainView.swif.swift; sourceTree = "<group>"; };
		6D7E664C2D0E6B6900765A78 /* AudioRecorder.swift */ = {isa = PBXFileReference; lastKnownFileType = sourcecode.swift; path = AudioRecorder.swift; sourceTree = "<group>"; };
		6D7E664E2D0E705E00765A78 /* RecordingView.swif.swift */ = {isa = PBXFileReference; lastKnownFileType = sourcecode.swift; path = RecordingView.swif.swift; sourceTree = "<group>"; };
		6D7E66502D0E708100765A78 /* RecordingViewModel.swift */ = {isa = PBXFileReference; lastKnownFileType = sourcecode.swift; path = RecordingViewModel.swift; sourceTree = "<group>"; };
		6DEC4B302D0F68A90081C649 /* TranscriptionListView.swift */ = {isa = PBXFileReference; lastKnownFileType = sourcecode.swift; path = TranscriptionListView.swift; sourceTree = "<group>"; };
		6DEC4B322D0F6AD70081C649 /* TranscriptDetailView.swift */ = {isa = PBXFileReference; lastKnownFileType = sourcecode.swift; path = TranscriptDetailView.swift; sourceTree = "<group>"; };
/* End PBXFileReference section */

/* Begin PBXFrameworksBuildPhase section */
		6D7E66242D0E604A00765A78 /* Frameworks */ = {
			isa = PBXFrameworksBuildPhase;
			buildActionMask = 2147483647;
			files = (
				6D77A8242D0FCC68009C47A9 /* AudioKitUI in Frameworks */,
				6D77A8212D0FCA2E009C47A9 /* AudioKit in Frameworks */,
			);
			runOnlyForDeploymentPostprocessing = 0;
		};
/* End PBXFrameworksBuildPhase section */

/* Begin PBXGroup section */
		6D7E661E2D0E604A00765A78 = {
			isa = PBXGroup;
			children = (
				6D7E66292D0E604A00765A78 /* WhisperJournal10.1 */,
				6D7E66282D0E604A00765A78 /* Products */,
			);
			sourceTree = "<group>";
		};
		6D7E66282D0E604A00765A78 /* Products */ = {
			isa = PBXGroup;
			children = (
				6D7E66272D0E604A00765A78 /* WhisperJournal10.1.app */,
			);
			name = Products;
			sourceTree = "<group>";
		};
		6D7E66292D0E604A00765A78 /* WhisperJournal10.1 */ = {
			isa = PBXGroup;
			children = (
				6D7E66432D0E627600765A78 /* Utilidades */,
				6D7E66422D0E626900765A78 /* Servicios */,
				6D7E66402D0E624900765A78 /* ViewModels */,
				6D7E663D2D0E61F100765A78 /* Vistas */,
				6D7E662A2D0E604A00765A78 /* WhisperJournal10_1App.swift */,
				6D7E662C2D0E604A00765A78 /* ContentView.swift */,
				6D7E662E2D0E604D00765A78 /* Assets.xcassets */,
				6D7E66332D0E604D00765A78 /* Persistence.swift */,
				6D7E66352D0E604D00765A78 /* WhisperJournal10_1.xcdatamodeld */,
				6D7E66302D0E604D00765A78 /* Preview Content */,
				6D7E664C2D0E6B6900765A78 /* AudioRecorder.swift */,
			);
			path = WhisperJournal10.1;
			sourceTree = "<group>";
		};
		6D7E66302D0E604D00765A78 /* Preview Content */ = {
			isa = PBXGroup;
			children = (
				6D7E66312D0E604D00765A78 /* Preview Assets.xcassets */,
			);
			path = "Preview Content";
			sourceTree = "<group>";
		};
		6D7E663D2D0E61F100765A78 /* Vistas */ = {
			isa = PBXGroup;
			children = (
				6D7E664A2D0E65CF00765A78 /* MainView.swif.swift */,
				6D7E664E2D0E705E00765A78 /* RecordingView.swif.swift */,
				6DEC4B302D0F68A90081C649 /* TranscriptionListView.swift */,
				6DEC4B322D0F6AD70081C649 /* TranscriptDetailView.swift */,
			);
			path = Vistas;
			sourceTree = "<group>";
		};
		6D7E66402D0E624900765A78 /* ViewModels */ = {
			isa = PBXGroup;
			children = (
				6D7E66502D0E708100765A78 /* RecordingViewModel.swift */,
			);
			path = ViewModels;
			sourceTree = "<group>";
		};
		6D7E66422D0E626900765A78 /* Servicios */ = {
			isa = PBXGroup;
			children = (
				6D7E66462D0E62EE00765A78 /* WhisperService.swift */,
				6D77A8252D0FD425009C47A9 /* TranslationService.swift */,
			);
			path = Servicios;
			sourceTree = "<group>";
		};
		6D7E66432D0E627600765A78 /* Utilidades */ = {
			isa = PBXGroup;
			children = (
				6D7E66442D0E628900765A78 /* AudioSessionManager.swift */,
				6D77A8272D0FD451009C47A9 /* AudioEngineMicrophone.swift */,
			);
			path = Utilidades;
			sourceTree = "<group>";
		};
/* End PBXGroup section */

/* Begin PBXNativeTarget section */
		6D7E66262D0E604A00765A78 /* WhisperJournal10.1 */ = {
			isa = PBXNativeTarget;
			buildConfigurationList = 6D7E663A2D0E604D00765A78 /* Build configuration list for PBXNativeTarget "WhisperJournal10.1" */;
			buildPhases = (
				6D7E66232D0E604A00765A78 /* Sources */,
				6D7E66242D0E604A00765A78 /* Frameworks */,
				6D7E66252D0E604A00765A78 /* Resources */,
			);
			buildRules = (
			);
			dependencies = (
			);
			name = WhisperJournal10.1;
			packageProductDependencies = (
				6D77A8202D0FCA2E009C47A9 /* AudioKit */,
				6D77A8232D0FCC68009C47A9 /* AudioKitUI */,
			);
			productName = WhisperJournal10.1;
			productReference = 6D7E66272D0E604A00765A78 /* WhisperJournal10.1.app */;
			productType = "com.apple.product-type.application";
		};
/* End PBXNativeTarget section */

/* Begin PBXProject section */
		6D7E661F2D0E604A00765A78 /* Project object */ = {
			isa = PBXProject;
			attributes = {
				BuildIndependentTargetsInParallel = 1;
				LastSwiftUpdateCheck = 1430;
				LastUpgradeCheck = 1430;
				TargetAttributes = {
					6D7E66262D0E604A00765A78 = {
						CreatedOnToolsVersion = 14.3.1;
					};
				};
			};
			buildConfigurationList = 6D7E66222D0E604A00765A78 /* Build configuration list for PBXProject "WhisperJournal10.1" */;
			compatibilityVersion = "Xcode 14.0";
			developmentRegion = en;
			hasScannedForEncodings = 0;
			knownRegions = (
				en,
				Base,
			);
			mainGroup = 6D7E661E2D0E604A00765A78;
			packageReferences = (
				6D77A81F2D0FCA2E009C47A9 /* XCRemoteSwiftPackageReference "AudioKit" */,
				6D77A8222D0FCC68009C47A9 /* XCRemoteSwiftPackageReference "AudioKitUI" */,
			);
			productRefGroup = 6D7E66282D0E604A00765A78 /* Products */;
			projectDirPath = "";
			projectRoot = "";
			targets = (
				6D7E66262D0E604A00765A78 /* WhisperJournal10.1 */,
			);
		};
/* End PBXProject section */

/* Begin PBXResourcesBuildPhase section */
		6D7E66252D0E604A00765A78 /* Resources */ = {
			isa = PBXResourcesBuildPhase;
			buildActionMask = 2147483647;
			files = (
				6D7E66322D0E604D00765A78 /* Preview Assets.xcassets in Resources */,
				6D7E662F2D0E604D00765A78 /* Assets.xcassets in Resources */,
			);
			runOnlyForDeploymentPostprocessing = 0;
		};
/* End PBXResourcesBuildPhase section */

/* Begin PBXSourcesBuildPhase section */
		6D7E66232D0E604A00765A78 /* Sources */ = {
			isa = PBXSourcesBuildPhase;
			buildActionMask = 2147483647;
			files = (
				6DEC4B312D0F68A90081C649 /* TranscriptionListView.swift in Sources */,
				6D7E664D2D0E6B6900765A78 /* AudioRecorder.swift in Sources */,
				6D7E66472D0E62EE00765A78 /* WhisperService.swift in Sources */,
				6D7E66342D0E604D00765A78 /* Persistence.swift in Sources */,
				6D7E66372D0E604D00765A78 /* WhisperJournal10_1.xcdatamodeld in Sources */,
				6D7E66452D0E628900765A78 /* AudioSessionManager.swift in Sources */,
				6D7E662D2D0E604A00765A78 /* ContentView.swift in Sources */,
				6D77A8262D0FD425009C47A9 /* TranslationService.swift in Sources */,
				6D7E664B2D0E65CF00765A78 /* MainView.swif.swift in Sources */,
				6D7E664F2D0E705E00765A78 /* RecordingView.swif.swift in Sources */,
				6D77A8282D0FD451009C47A9 /* AudioEngineMicrophone.swift in Sources */,
				6DEC4B332D0F6AD70081C649 /* TranscriptDetailView.swift in Sources */,
				6D7E66512D0E708100765A78 /* RecordingViewModel.swift in Sources */,
				6D7E662B2D0E604A00765A78 /* WhisperJournal10_1App.swift in Sources */,
			);
			runOnlyForDeploymentPostprocessing = 0;
		};
/* End PBXSourcesBuildPhase section */

/* Begin XCBuildConfiguration section */
		6D7E66382D0E604D00765A78 /* Debug */ = {
			isa = XCBuildConfiguration;
			buildSettings = {
				ALWAYS_SEARCH_USER_PATHS = NO;
				CLANG_ANALYZER_NONNULL = YES;
				CLANG_ANALYZER_NUMBER_OBJECT_CONVERSION = YES_AGGRESSIVE;
				CLANG_CXX_LANGUAGE_STANDARD = "gnu++20";
				CLANG_ENABLE_MODULES = YES;
				CLANG_ENABLE_OBJC_ARC = YES;
				CLANG_ENABLE_OBJC_WEAK = YES;
				CLANG_WARN_BLOCK_CAPTURE_AUTORELEASING = YES;
				CLANG_WARN_BOOL_CONVERSION = YES;
				CLANG_WARN_COMMA = YES;
				CLANG_WARN_CONSTANT_CONVERSION = YES;
				CLANG_WARN_DEPRECATED_OBJC_IMPLEMENTATIONS = YES;
				CLANG_WARN_DIRECT_OBJC_ISA_USAGE = YES_ERROR;
				CLANG_WARN_DOCUMENTATION_COMMENTS = YES;
				CLANG_WARN_EMPTY_BODY = YES;
				CLANG_WARN_ENUM_CONVERSION = YES;
				CLANG_WARN_INFINITE_RECURSION = YES;
				CLANG_WARN_INT_CONVERSION = YES;
				CLANG_WARN_NON_LITERAL_NULL_CONVERSION = YES;
				CLANG_WARN_OBJC_IMPLICIT_RETAIN_SELF = YES;
				CLANG_WARN_OBJC_LITERAL_CONVERSION = YES;
				CLANG_WARN_OBJC_ROOT_CLASS = YES_ERROR;
				CLANG_WARN_QUOTED_INCLUDE_IN_FRAMEWORK_HEADER = YES;
				CLANG_WARN_RANGE_LOOP_ANALYSIS = YES;
				CLANG_WARN_STRICT_PROTOTYPES = YES;
				CLANG_WARN_SUSPICIOUS_MOVE = YES;
				CLANG_WARN_UNGUARDED_AVAILABILITY = YES_AGGRESSIVE;
				CLANG_WARN_UNREACHABLE_CODE = YES;
				CLANG_WARN__DUPLICATE_METHOD_MATCH = YES;
				COPY_PHASE_STRIP = NO;
				DEBUG_INFORMATION_FORMAT = dwarf;
				ENABLE_STRICT_OBJC_MSGSEND = YES;
				ENABLE_TESTABILITY = YES;
				GCC_C_LANGUAGE_STANDARD = gnu11;
				GCC_DYNAMIC_NO_PIC = NO;
				GCC_NO_COMMON_BLOCKS = YES;
				GCC_OPTIMIZATION_LEVEL = 0;
				GCC_PREPROCESSOR_DEFINITIONS = (
					"DEBUG=1",
					"$(inherited)",
				);
				GCC_WARN_64_TO_32_BIT_CONVERSION = YES;
				GCC_WARN_ABOUT_RETURN_TYPE = YES_ERROR;
				GCC_WARN_UNDECLARED_SELECTOR = YES;
				GCC_WARN_UNINITIALIZED_AUTOS = YES_AGGRESSIVE;
				GCC_WARN_UNUSED_FUNCTION = YES;
				GCC_WARN_UNUSED_VARIABLE = YES;
				IPHONEOS_DEPLOYMENT_TARGET = 16.4;
				MTL_ENABLE_DEBUG_INFO = INCLUDE_SOURCE;
				MTL_FAST_MATH = YES;
				ONLY_ACTIVE_ARCH = YES;
				SDKROOT = iphoneos;
				SWIFT_ACTIVE_COMPILATION_CONDITIONS = DEBUG;
				SWIFT_OPTIMIZATION_LEVEL = "-Onone";
			};
			name = Debug;
		};
		6D7E66392D0E604D00765A78 /* Release */ = {
			isa = XCBuildConfiguration;
			buildSettings = {
				ALWAYS_SEARCH_USER_PATHS = NO;
				CLANG_ANALYZER_NONNULL = YES;
				CLANG_ANALYZER_NUMBER_OBJECT_CONVERSION = YES_AGGRESSIVE;
				CLANG_CXX_LANGUAGE_STANDARD = "gnu++20";
				CLANG_ENABLE_MODULES = YES;
				CLANG_ENABLE_OBJC_ARC = YES;
				CLANG_ENABLE_OBJC_WEAK = YES;
				CLANG_WARN_BLOCK_CAPTURE_AUTORELEASING = YES;
				CLANG_WARN_BOOL_CONVERSION = YES;
				CLANG_WARN_COMMA = YES;
				CLANG_WARN_CONSTANT_CONVERSION = YES;
				CLANG_WARN_DEPRECATED_OBJC_IMPLEMENTATIONS = YES;
				CLANG_WARN_DIRECT_OBJC_ISA_USAGE = YES_ERROR;
				CLANG_WARN_DOCUMENTATION_COMMENTS = YES;
				CLANG_WARN_EMPTY_BODY = YES;
				CLANG_WARN_ENUM_CONVERSION = YES;
				CLANG_WARN_INFINITE_RECURSION = YES;
				CLANG_WARN_INT_CONVERSION = YES;
				CLANG_WARN_NON_LITERAL_NULL_CONVERSION = YES;
				CLANG_WARN_OBJC_IMPLICIT_RETAIN_SELF = YES;
				CLANG_WARN_OBJC_LITERAL_CONVERSION = YES;
				CLANG_WARN_OBJC_ROOT_CLASS = YES_ERROR;
				CLANG_WARN_QUOTED_INCLUDE_IN_FRAMEWORK_HEADER = YES;
				CLANG_WARN_RANGE_LOOP_ANALYSIS = YES;
				CLANG_WARN_STRICT_PROTOTYPES = YES;
				CLANG_WARN_SUSPICIOUS_MOVE = YES;
				CLANG_WARN_UNGUARDED_AVAILABILITY = YES_AGGRESSIVE;
				CLANG_WARN_UNREACHABLE_CODE = YES;
				CLANG_WARN__DUPLICATE_METHOD_MATCH = YES;
				COPY_PHASE_STRIP = NO;
				DEBUG_INFORMATION_FORMAT = "dwarf-with-dsym";
				ENABLE_NS_ASSERTIONS = NO;
				ENABLE_STRICT_OBJC_MSGSEND = YES;
				GCC_C_LANGUAGE_STANDARD = gnu11;
				GCC_NO_COMMON_BLOCKS = YES;
				GCC_WARN_64_TO_32_BIT_CONVERSION = YES;
				GCC_WARN_ABOUT_RETURN_TYPE = YES_ERROR;
				GCC_WARN_UNDECLARED_SELECTOR = YES;
				GCC_WARN_UNINITIALIZED_AUTOS = YES_AGGRESSIVE;
				GCC_WARN_UNUSED_FUNCTION = YES;
				GCC_WARN_UNUSED_VARIABLE = YES;
				IPHONEOS_DEPLOYMENT_TARGET = 16.4;
				MTL_ENABLE_DEBUG_INFO = NO;
				MTL_FAST_MATH = YES;
				SDKROOT = iphoneos;
				SWIFT_COMPILATION_MODE = wholemodule;
				SWIFT_OPTIMIZATION_LEVEL = "-O";
				VALIDATE_PRODUCT = YES;
			};
			name = Release;
		};
		6D7E663B2D0E604D00765A78 /* Debug */ = {
			isa = XCBuildConfiguration;
			buildSettings = {
				ASSETCATALOG_COMPILER_APPICON_NAME = AppIcon;
				ASSETCATALOG_COMPILER_GLOBAL_ACCENT_COLOR_NAME = AccentColor;
				CODE_SIGN_STYLE = Automatic;
				CURRENT_PROJECT_VERSION = 1;
				DEVELOPMENT_ASSET_PATHS = "\"WhisperJournal10.1/Preview Content\"";
				ENABLE_PREVIEWS = YES;
				GENERATE_INFOPLIST_FILE = YES;
				INFOPLIST_KEY_NSMicrophoneUsageDescription = "$(PRODUCT_NAME)";
				INFOPLIST_KEY_NSSpeechRecognitionUsageDescription = "$(PRODUCT_NAME)";
				INFOPLIST_KEY_UIApplicationSceneManifest_Generation = YES;
				INFOPLIST_KEY_UIApplicationSupportsIndirectInputEvents = YES;
				INFOPLIST_KEY_UILaunchScreen_Generation = YES;
				INFOPLIST_KEY_UISupportedInterfaceOrientations_iPad = "UIInterfaceOrientationPortrait UIInterfaceOrientationPortraitUpsideDown UIInterfaceOrientationLandscapeLeft UIInterfaceOrientationLandscapeRight";
				INFOPLIST_KEY_UISupportedInterfaceOrientations_iPhone = "UIInterfaceOrientationPortrait UIInterfaceOrientationLandscapeLeft UIInterfaceOrientationLandscapeRight";
				LD_RUNPATH_SEARCH_PATHS = (
					"$(inherited)",
					"@executable_path/Frameworks",
				);
				MARKETING_VERSION = 1.0;
				PRODUCT_BUNDLE_IDENTIFIER = "SwiftUI.WhisperJournal10-1";
				PRODUCT_NAME = "$(TARGET_NAME)";
				SWIFT_EMIT_LOC_STRINGS = YES;
				SWIFT_VERSION = 5.0;
				TARGETED_DEVICE_FAMILY = "1,2";
			};
			name = Debug;
		};
		6D7E663C2D0E604D00765A78 /* Release */ = {
			isa = XCBuildConfiguration;
			buildSettings = {
				ASSETCATALOG_COMPILER_APPICON_NAME = AppIcon;
				ASSETCATALOG_COMPILER_GLOBAL_ACCENT_COLOR_NAME = AccentColor;
				CODE_SIGN_STYLE = Automatic;
				CURRENT_PROJECT_VERSION = 1;
				DEVELOPMENT_ASSET_PATHS = "\"WhisperJournal10.1/Preview Content\"";
				ENABLE_PREVIEWS = YES;
				GENERATE_INFOPLIST_FILE = YES;
				INFOPLIST_KEY_NSMicrophoneUsageDescription = "$(PRODUCT_NAME)";
				INFOPLIST_KEY_NSSpeechRecognitionUsageDescription = "$(PRODUCT_NAME)";
				INFOPLIST_KEY_UIApplicationSceneManifest_Generation = YES;
				INFOPLIST_KEY_UIApplicationSupportsIndirectInputEvents = YES;
				INFOPLIST_KEY_UILaunchScreen_Generation = YES;
				INFOPLIST_KEY_UISupportedInterfaceOrientations_iPad = "UIInterfaceOrientationPortrait UIInterfaceOrientationPortraitUpsideDown UIInterfaceOrientationLandscapeLeft UIInterfaceOrientationLandscapeRight";
				INFOPLIST_KEY_UISupportedInterfaceOrientations_iPhone = "UIInterfaceOrientationPortrait UIInterfaceOrientationLandscapeLeft UIInterfaceOrientationLandscapeRight";
				LD_RUNPATH_SEARCH_PATHS = (
					"$(inherited)",
					"@executable_path/Frameworks",
				);
				MARKETING_VERSION = 1.0;
				PRODUCT_BUNDLE_IDENTIFIER = "SwiftUI.WhisperJournal10-1";
				PRODUCT_NAME = "$(TARGET_NAME)";
				SWIFT_EMIT_LOC_STRINGS = YES;
				SWIFT_VERSION = 5.0;
				TARGETED_DEVICE_FAMILY = "1,2";
			};
			name = Release;
		};
/* End XCBuildConfiguration section */

/* Begin XCConfigurationList section */
		6D7E66222D0E604A00765A78 /* Build configuration list for PBXProject "WhisperJournal10.1" */ = {
			isa = XCConfigurationList;
			buildConfigurations = (
				6D7E66382D0E604D00765A78 /* Debug */,
				6D7E66392D0E604D00765A78 /* Release */,
			);
			defaultConfigurationIsVisible = 0;
			defaultConfigurationName = Release;
		};
		6D7E663A2D0E604D00765A78 /* Build configuration list for PBXNativeTarget "WhisperJournal10.1" */ = {
			isa = XCConfigurationList;
			buildConfigurations = (
				6D7E663B2D0E604D00765A78 /* Debug */,
				6D7E663C2D0E604D00765A78 /* Release */,
			);
			defaultConfigurationIsVisible = 0;
			defaultConfigurationName = Release;
		};
/* End XCConfigurationList section */

/* Begin XCRemoteSwiftPackageReference section */
		6D77A81F2D0FCA2E009C47A9 /* XCRemoteSwiftPackageReference "AudioKit" */ = {
			isa = XCRemoteSwiftPackageReference;
			repositoryURL = "https://github.com/AudioKit/AudioKit.git";
			requirement = {
				kind = upToNextMajorVersion;
				minimumVersion = 5.0.0;
			};
		};
		6D77A8222D0FCC68009C47A9 /* XCRemoteSwiftPackageReference "AudioKitUI" */ = {
			isa = XCRemoteSwiftPackageReference;
			repositoryURL = "https://github.com/AudioKit/AudioKitUI.git";
			requirement = {
				kind = upToNextMajorVersion;
				minimumVersion = 0.3.7;
			};
		};
/* End XCRemoteSwiftPackageReference section */

/* Begin XCSwiftPackageProductDependency section */
		6D77A8202D0FCA2E009C47A9 /* AudioKit */ = {
			isa = XCSwiftPackageProductDependency;
			package = 6D77A81F2D0FCA2E009C47A9 /* XCRemoteSwiftPackageReference "AudioKit" */;
			productName = AudioKit;
		};
		6D77A8232D0FCC68009C47A9 /* AudioKitUI */ = {
			isa = XCSwiftPackageProductDependency;
			package = 6D77A8222D0FCC68009C47A9 /* XCRemoteSwiftPackageReference "AudioKitUI" */;
			productName = AudioKitUI;
		};
/* End XCSwiftPackageProductDependency section */

/* Begin XCVersionGroup section */
		6D7E66352D0E604D00765A78 /* WhisperJournal10_1.xcdatamodeld */ = {
			isa = XCVersionGroup;
			children = (
				6D7E66362D0E604D00765A78 /* WhisperJournal10_1.xcdatamodel */,
			);
			currentVersion = 6D7E66362D0E604D00765A78 /* WhisperJournal10_1.xcdatamodel */;
			path = WhisperJournal10_1.xcdatamodeld;
			sourceTree = "<group>";
			versionGroupType = wrapper.xcdatamodel;
		};
/* End XCVersionGroup section */
	};
	rootObject = 6D7E661F2D0E604A00765A78 /* Project object */;
}
